
Microsoft Visual Studio Solution File, Format Version 12.00
# Visual Studio Version 16
VisualStudioVersion = 16.0.31702.278
MinimumVisualStudioVersion = 10.0.40219.1
Project("{FAE04EC0-301F-11D3-BF4B-00C04F79EFBC}") = "Task16.1", "Task16.1\Task16.1.csproj", "{C1DA09A1-2127-4D3E-8AEA-C3F07B812223}"
EndProject
Global
	GlobalSection(SolutionConfigurationPlatforms) = preSolution
		Debug|Any CPU = Debug|Any CPU
		Release|Any CPU = Release|Any CPU
	EndGlobalSection
	GlobalSection(ProjectConfigurationPlatforms) = postSolution
		{C1DA09A1-2127-4D3E-8AEA-C3F07B812223}.Debug|Any CPU.ActiveCfg = Debug|Any CPU
		{C1DA09A1-2127-4D3E-8AEA-C3F07B812223}.Debug|Any CPU.Build.0 = Debug|Any CPU
		{C1DA09A1-2127-4D3E-8AEA-C3F07B812223}.Release|Any CPU.ActiveCfg = Release|Any CPU
		{C1DA09A1-2127-4D3E-8AEA-C3F07B812223}.Release|Any CPU.Build.0 = Release|Any CPU
	EndGlobalSection
	GlobalSection(SolutionProperties) = preSolution
		HideSolutionNode = FALSE
	EndGlobalSection
	GlobalSection(ExtensibilityGlobals) = postSolution
		SolutionGuid = {28493ABA-2336-4BE9-9F67-1639E73A9D1F}
	EndGlobalSection
EndGlobal
